
Microsoft Visual Studio Solution File, Format Version 12.00
# Visual Studio Version 17
VisualStudioVersion = 17.11.35312.102
MinimumVisualStudioVersion = 10.0.40219.1
Project("{FAE04EC0-301F-11D3-BF4B-00C04F79EFBC}") = "CSharpEgitimKampi501", "CSharpEgitimKampi501\CSharpEgitimKampi501.csproj", "{05E20202-A950-4361-AE13-75576A98F4D9}"
EndProject
Global
	GlobalSection(SolutionConfigurationPlatforms) = preSolution
		Debug|Any CPU = Debug|Any CPU
		Release|Any CPU = Release|Any CPU
	EndGlobalSection
	GlobalSection(ProjectConfigurationPlatforms) = postSolution
		{05E20202-A950-4361-AE13-75576A98F4D9}.Debug|Any CPU.ActiveCfg = Debug|Any CPU
		{05E20202-A950-4361-AE13-75576A98F4D9}.Debug|Any CPU.Build.0 = Debug|Any CPU
		{05E20202-A950-4361-AE13-75576A98F4D9}.Release|Any CPU.ActiveCfg = Release|Any CPU
		{05E20202-A950-4361-AE13-75576A98F4D9}.Release|Any CPU.Build.0 = Release|Any CPU
	EndGlobalSection
	GlobalSection(SolutionProperties) = preSolution
		HideSolutionNode = FALSE
	EndGlobalSection
	GlobalSection(ExtensibilityGlobals) = postSolution
		SolutionGuid = {BEDD6504-C423-4CA1-9F84-202A3F671590}
	EndGlobalSection
EndGlobal
